GEM
  remote: https://rubygems.org/
  specs:
    language_server-protocol (3.17.0.5)
    logger (1.7.0)
    prism (1.9.0)
    rbs (3.10.3)
      logger
      tsort
    ruby-lsp (0.26.6)
      language_server-protocol (~> 3.17.0)
      prism (>= 1.2, < 2.0)
      rbs (>= 3, < 5)
    tsort (0.2.0)

PLATFORMS
  ruby

DEPENDENCIES
  ruby-lsp

BUNDLED WITH
  4.0.6
